
Microsoft Visual Studio Solution File, Format Version 12.00
# Visual Studio Version 17
VisualStudioVersion = 17.14.36603.0 d17.14
MinimumVisualStudioVersion = 10.0.40219.1
Project("{8BC9CEB8-8B4A-11D0-8D11-00A0C91BC942}") = "lab_5.5", "lab_5.5\lab_5.5.vcxproj", "{9AF6E54E-5B4E-459D-B2E3-AC44ED1CCE40}"
EndProject
Project("{8BC9CEB8-8B4A-11D0-8D11-00A0C91BC942}") = "UnitTest55", "UnitTest55\UnitTest55.vcxproj", "{7463A94C-696B-EF76-75AA-571D248B1E0D}"
EndProject
Global
	GlobalSection(SolutionConfigurationPlatforms) = preSolution
		Debug|x64 = Debug|x64
		Debug|x86 = Debug|x86
		Release|x64 = Release|x64
		Release|x86 = Release|x86
	EndGlobalSection
	GlobalSection(ProjectConfigurationPlatforms) = postSolution
		{9AF6E54E-5B4E-459D-B2E3-AC44ED1CCE40}.Debug|x64.ActiveCfg = Debug|x64
		{9AF6E54E-5B4E-459D-B2E3-AC44ED1CCE40}.Debug|x64.Build.0 = Debug|x64
		{9AF6E54E-5B4E-459D-B2E3-AC44ED1CCE40}.Debug|x86.ActiveCfg = Debug|Win32
		{9AF6E54E-5B4E-459D-B2E3-AC44ED1CCE40}.Debug|x86.Build.0 = Debug|Win32
		{9AF6E54E-5B4E-459D-B2E3-AC44ED1CCE40}.Release|x64.ActiveCfg = Release|x64
		{9AF6E54E-5B4E-459D-B2E3-AC44ED1CCE40}.Release|x64.Build.0 = Release|x64
		{9AF6E54E-5B4E-459D-B2E3-AC44ED1CCE40}.Release|x86.ActiveCfg = Release|Win32
		{9AF6E54E-5B4E-459D-B2E3-AC44ED1CCE40}.Release|x86.Build.0 = Release|Win32
		{7463A94C-696B-EF76-75AA-571D248B1E0D}.Debug|x64.ActiveCfg = Debug|x64
		{7463A94C-696B-EF76-75AA-571D248B1E0D}.Debug|x64.Build.0 = Debug|x64
		{7463A94C-696B-EF76-75AA-571D248B1E0D}.Debug|x86.ActiveCfg = Debug|Win32
		{7463A94C-696B-EF76-75AA-571D248B1E0D}.Debug|x86.Build.0 = Debug|Win32
		{7463A94C-696B-EF76-75AA-571D248B1E0D}.Release|x64.ActiveCfg = Release|x64
		{7463A94C-696B-EF76-75AA-571D248B1E0D}.Release|x64.Build.0 = Release|x64
		{7463A94C-696B-EF76-75AA-571D248B1E0D}.Release|x86.ActiveCfg = Release|Win32
		{7463A94C-696B-EF76-75AA-571D248B1E0D}.Release|x86.Build.0 = Release|Win32
	EndGlobalSection
	GlobalSection(SolutionProperties) = preSolution
		HideSolutionNode = FALSE
	EndGlobalSection
	GlobalSection(ExtensibilityGlobals) = postSolution
		SolutionGuid = {58E89EA4-0886-4F61-8840-2535D1F2A5E9}
	EndGlobalSection
EndGlobal
